github.com/amogh2019/dummy_go_math v1.2.1 h1:iyzmBb56I6COM5Mh9jeBU216BAF2/irR+nbaV0cUCv0=
github.com/amogh2019/dummy_go_math v1.2.1/go.mod h1:ail3lyGf2+b4VsHgMFrxLawbVVnehmvR2ecKX0fh6M4=
github.com/amogh2019/dummy_go_math/v2 v2.0.0 h1:Gz6JjVo38vgKOuK69QHpKyg5i1/BKWrsXKEMlBvtMSE=
github.com/amogh2019/dummy_go_math/v2 v2.0.0/go.mod h1:C0fQUNj3cei4mDqS3rozgMbgaAHLXx6YHyTJGCwusHg=
github.com/ddadumitrescu/hellomod v1.0.0 h1:t4eWCM8L8JurXBZLRO5aMBuMKYWXpzmMykr56MTOlz4=
github.com/ddadumitrescu/hellomod v1.0.0/go.mod h1:xtznj+j/iW4dAiXZ8Q7xKaDzUHhb9A0iKQJScd4j1rE=
